// !$*UTF8*$!
{
	archiveVersion = 1;
	classes = {
	};
	objectVersion = 55;
	objects = {

/* Begin PBXBuildFile section */
		FE9CA53928B830C700D57289 /* BottomMenu.swift in Sources */ = {isa = PBXBuildFile; fileRef = FE9CA53828B830C700D57289 /* BottomMenu.swift */; };
		FE9CA53B28B8368C00D57289 /* Home.swift in Sources */ = {isa = PBXBuildFile; fileRef = FE9CA53A28B8368C00D57289 /* Home.swift */; };
		FE9CA53D28BD70D900D57289 /* History.swift in Sources */ = {isa = PBXBuildFile; fileRef = FE9CA53C28BD70D900D57289 /* History.swift */; };
		FEC75EED2880BB3E0074BFEE /* Water_ReminderApp.swift in Sources */ = {isa = PBXBuildFile; fileRef = FEC75EEC2880BB3E0074BFEE /* Water_ReminderApp.swift */; };
		FEC75EEF2880BB3E0074BFEE /* ContentView.swift in Sources */ = {isa = PBXBuildFile; fileRef = FEC75EEE2880BB3E0074BFEE /* ContentView.swift */; };
		FEC75EF12880BB450074BFEE /* Assets.xcassets in Resources */ = {isa = PBXBuildFile; fileRef = FEC75EF02880BB450074BFEE /* Assets.xcassets */; };
		FEC75EF42880BB450074BFEE /* Preview Assets.xcassets in Resources */ = {isa = PBXBuildFile; fileRef = FEC75EF32880BB450074BFEE /* Preview Assets.xcassets */; };
		FEC75EF62880BB450074BFEE /* Persistence.swift in Sources */ = {isa = PBXBuildFile; fileRef = FEC75EF52880BB450074BFEE /* Persistence.swift */; };
		FEC75EF92880BB450074BFEE /* Water_Reminder.xcdatamodeld in Sources */ = {isa = PBXBuildFile; fileRef = FEC75EF72880BB450074BFEE /* Water_Reminder.xcdatamodeld */; };
		FEC75F002880BD810074BFEE /* WaterRing.swift in Sources */ = {isa = PBXBuildFile; fileRef = FEC75EFF2880BD810074BFEE /* WaterRing.swift */; };
		FEC75F03288213080074BFEE /* Button.swift in Sources */ = {isa = PBXBuildFile; fileRef = FEC75F02288213080074BFEE /* Button.swift */; };
		FEC75F0B288620BC0074BFEE /* ModelView WaterRing.swift in Sources */ = {isa = PBXBuildFile; fileRef = FEC75F0A288620BC0074BFEE /* ModelView WaterRing.swift */; };
/* End PBXBuildFile section */

/* Begin PBXFileReference section */
		FE9CA53828B830C700D57289 /* BottomMenu.swift */ = {isa = PBXFileReference; lastKnownFileType = sourcecode.swift; path = BottomMenu.swift; sourceTree = "<group>"; };
		FE9CA53A28B8368C00D57289 /* Home.swift */ = {isa = PBXFileReference; lastKnownFileType = sourcecode.swift; path = Home.swift; sourceTree = "<group>"; };
		FE9CA53C28BD70D900D57289 /* History.swift */ = {isa = PBXFileReference; lastKnownFileType = sourcecode.swift; path = History.swift; sourceTree = "<group>"; };
		FEC75EE92880BB3E0074BFEE /* Water Reminder.app */ = {isa = PBXFileReference; explicitFileType = wrapper.application; includeInIndex = 0; path = "Water Reminder.app"; sourceTree = BUILT_PRODUCTS_DIR; };
		FEC75EEC2880BB3E0074BFEE /* Water_ReminderApp.swift */ = {isa = PBXFileReference; lastKnownFileType = sourcecode.swift; path = Water_ReminderApp.swift; sourceTree = "<group>"; };
		FEC75EEE2880BB3E0074BFEE /* ContentView.swift */ = {isa = PBXFileReference; lastKnownFileType = sourcecode.swift; path = ContentView.swift; sourceTree = "<group>"; };
		FEC75EF02880BB450074BFEE /* Assets.xcassets */ = {isa = PBXFileReference; lastKnownFileType = folder.assetcatalog; path = Assets.xcassets; sourceTree = "<group>"; };
		FEC75EF32880BB450074BFEE /* Preview Assets.xcassets */ = {isa = PBXFileReference; lastKnownFileType = folder.assetcatalog; path = "Preview Assets.xcassets"; sourceTree = "<group>"; };
		FEC75EF52880BB450074BFEE /* Persistence.swift */ = {isa = PBXFileReference; lastKnownFileType = sourcecode.swift; path = Persistence.swift; sourceTree = "<group>"; };
		FEC75EF82880BB450074BFEE /* Water_Reminder.xcdatamodel */ = {isa = PBXFileReference; lastKnownFileType = wrapper.xcdatamodel; path = Water_Reminder.xcdatamodel; sourceTree = "<group>"; };
		FEC75EFF2880BD810074BFEE /* WaterRing.swift */ = {isa = PBXFileReference; lastKnownFileType = sourcecode.swift; path = WaterRing.swift; sourceTree = "<group>"; };
		FEC75F02288213080074BFEE /* Button.swift */ = {isa = PBXFileReference; lastKnownFileType = sourcecode.swift; path = Button.swift; sourceTree = "<group>"; };
		FEC75F0A288620BC0074BFEE /* ModelView WaterRing.swift */ = {isa = PBXFileReference; lastKnownFileType = sourcecode.swift; path = "ModelView WaterRing.swift"; sourceTree = "<group>"; };
/* End PBXFileReference section */

/* Begin PBXFrameworksBuildPhase section */
		FEC75EE62880BB3E0074BFEE /* Frameworks */ = {
			isa = PBXFrameworksBuildPhase;
			buildActionMask = 2147483647;
			files = (
			);
			runOnlyForDeploymentPostprocessing = 0;
		};
/* End PBXFrameworksBuildPhase section */

/* Begin PBXGroup section */
		FEC75EE02880BB3E0074BFEE = {
			isa = PBXGroup;
			children = (
				FEC75EEB2880BB3E0074BFEE /* Water Reminder */,
				FEC75EEA2880BB3E0074BFEE /* Products */,
			);
			sourceTree = "<group>";
		};
		FEC75EEA2880BB3E0074BFEE /* Products */ = {
			isa = PBXGroup;
			children = (
				FEC75EE92880BB3E0074BFEE /* Water Reminder.app */,
			);
			name = Products;
			sourceTree = "<group>";
		};
		FEC75EEB2880BB3E0074BFEE /* Water Reminder */ = {
			isa = PBXGroup;
			children = (
				FEC75F092886146B0074BFEE /* ModelView */,
				FEC75F012880CB320074BFEE /* View */,
				FEC75EEC2880BB3E0074BFEE /* Water_ReminderApp.swift */,
				FEC75EEE2880BB3E0074BFEE /* ContentView.swift */,
				FEC75EF02880BB450074BFEE /* Assets.xcassets */,
				FEC75EF52880BB450074BFEE /* Persistence.swift */,
				FEC75EF72880BB450074BFEE /* Water_Reminder.xcdatamodeld */,
				FEC75EF22880BB450074BFEE /* Preview Content */,
			);
			path = "Water Reminder";
			sourceTree = "<group>";
		};
		FEC75EF22880BB450074BFEE /* Preview Content */ = {
			isa = PBXGroup;
			children = (
				FEC75EF32880BB450074BFEE /* Preview Assets.xcassets */,
			);
			path = "Preview Content";
			sourceTree = "<group>";
		};
		FEC75F012880CB320074BFEE /* View */ = {
			isa = PBXGroup;
			children = (
				FEC75EFF2880BD810074BFEE /* WaterRing.swift */,
				FEC75F02288213080074BFEE /* Button.swift */,
				FE9CA53828B830C700D57289 /* BottomMenu.swift */,
				FE9CA53A28B8368C00D57289 /* Home.swift */,
				FE9CA53C28BD70D900D57289 /* History.swift */,
			);
			path = View;
			sourceTree = "<group>";
		};
		FEC75F092886146B0074BFEE /* ModelView */ = {
			isa = PBXGroup;
			children = (
				FEC75F0A288620BC0074BFEE /* ModelView WaterRing.swift */,
			);
			path = ModelView;
			sourceTree = "<group>";
		};
/* End PBXGroup section */

/* Begin PBXNativeTarget section */
		FEC75EE82880BB3E0074BFEE /* Water Reminder */ = {
			isa = PBXNativeTarget;
			buildConfigurationList = FEC75EFC2880BB460074BFEE /* Build configuration list for PBXNativeTarget "Water Reminder" */;
			buildPhases = (
				FEC75EE52880BB3E0074BFEE /* Sources */,
				FEC75EE62880BB3E0074BFEE /* Frameworks */,
				FEC75EE72880BB3E0074BFEE /* Resources */,
			);
			buildRules = (
			);
			dependencies = (
			);
			name = "Water Reminder";
			productName = "Water Reminder";
			productReference = FEC75EE92880BB3E0074BFEE /* Water Reminder.app */;
			productType = "com.apple.product-type.application";
		};
/* End PBXNativeTarget section */

/* Begin PBXProject section */
		FEC75EE12880BB3E0074BFEE /* Project object */ = {
			isa = PBXProject;
			attributes = {
				BuildIndependentTargetsInParallel = 1;
				LastSwiftUpdateCheck = 1340;
				LastUpgradeCheck = 1340;
				TargetAttributes = {
					FEC75EE82880BB3E0074BFEE = {
						CreatedOnToolsVersion = 13.4.1;
					};
				};
			};
			buildConfigurationList = FEC75EE42880BB3E0074BFEE /* Build configuration list for PBXProject "Water Reminder" */;
			compatibilityVersion = "Xcode 13.0";
			developmentRegion = en;
			hasScannedForEncodings = 0;
			knownRegions = (
				en,
				Base,
			);
			mainGroup = FEC75EE02880BB3E0074BFEE;
			productRefGroup = FEC75EEA2880BB3E0074BFEE /* Products */;
			projectDirPath = "";
			projectRoot = "";
			targets = (
				FEC75EE82880BB3E0074BFEE /* Water Reminder */,
			);
		};
/* End PBXProject section */

/* Begin PBXResourcesBuildPhase section */
		FEC75EE72880BB3E0074BFEE /* Resources */ = {
			isa = PBXResourcesBuildPhase;
			buildActionMask = 2147483647;
			files = (
				FEC75EF42880BB450074BFEE /* Preview Assets.xcassets in Resources */,
				FEC75EF12880BB450074BFEE /* Assets.xcassets in Resources */,
			);
			runOnlyForDeploymentPostprocessing = 0;
		};
/* End PBXResourcesBuildPhase section */

/* Begin PBXSourcesBuildPhase section */
		FEC75EE52880BB3E0074BFEE /* Sources */ = {
			isa = PBXSourcesBuildPhase;
			buildActionMask = 2147483647;
			files = (
				FEC75EF62880BB450074BFEE /* Persistence.swift in Sources */,
				FEC75F03288213080074BFEE /* Button.swift in Sources */,
				FEC75F0B288620BC0074BFEE /* ModelView WaterRing.swift in Sources */,
				FEC75EEF2880BB3E0074BFEE /* ContentView.swift in Sources */,
				FE9CA53D28BD70D900D57289 /* History.swift in Sources */,
				FEC75EED2880BB3E0074BFEE /* Water_ReminderApp.swift in Sources */,
				FE9CA53B28B8368C00D57289 /* Home.swift in Sources */,
				FE9CA53928B830C700D57289 /* BottomMenu.swift in Sources */,
				FEC75EF92880BB450074BFEE /* Water_Reminder.xcdatamodeld in Sources */,
				FEC75F002880BD810074BFEE /* WaterRing.swift in Sources */,
			);
			runOnlyForDeploymentPostprocessing = 0;
		};
/* End PBXSourcesBuildPhase section */

/* Begin XCBuildConfiguration section */
		FEC75EFA2880BB450074BFEE /* Debug */ = {
			isa = XCBuildConfiguration;
			buildSettings = {
				ALWAYS_SEARCH_USER_PATHS = NO;
				CLANG_ANALYZER_NONNULL = YES;
				CLANG_ANALYZER_NUMBER_OBJECT_CONVERSION = YES_AGGRESSIVE;
				CLANG_CXX_LANGUAGE_STANDARD = "gnu++17";
				CLANG_ENABLE_MODULES = YES;
				CLANG_ENABLE_OBJC_ARC = YES;
				CLANG_ENABLE_OBJC_WEAK = YES;
				CLANG_WARN_BLOCK_CAPTURE_AUTORELEASING = YES;
				CLANG_WARN_BOOL_CONVERSION = YES;
				CLANG_WARN_COMMA = YES;
				CLANG_WARN_CONSTANT_CONVERSION = YES;
				CLANG_WARN_DEPRECATED_OBJC_IMPLEMENTATIONS = YES;
				CLANG_WARN_DIRECT_OBJC_ISA_USAGE = YES_ERROR;
				CLANG_WARN_DOCUMENTATION_COMMENTS = YES;
				CLANG_WARN_EMPTY_BODY = YES;
				CLANG_WARN_ENUM_CONVERSION = YES;
				CLANG_WARN_INFINITE_RECURSION = YES;
				CLANG_WARN_INT_CONVERSION = YES;
				CLANG_WARN_NON_LITERAL_NULL_CONVERSION = YES;
				CLANG_WARN_OBJC_IMPLICIT_RETAIN_SELF = YES;
				CLANG_WARN_OBJC_LITERAL_CONVERSION = YES;
				CLANG_WARN_OBJC_ROOT_CLASS = YES_ERROR;
				CLANG_WARN_QUOTED_INCLUDE_IN_FRAMEWORK_HEADER = YES;
				CLANG_WARN_RANGE_LOOP_ANALYSIS = YES;
				CLANG_WARN_STRICT_PROTOTYPES = YES;
				CLANG_WARN_SUSPICIOUS_MOVE = YES;
				CLANG_WARN_UNGUARDED_AVAILABILITY = YES_AGGRESSIVE;
				CLANG_WARN_UNREACHABLE_CODE = YES;
				CLANG_WARN__DUPLICATE_METHOD_MATCH = YES;
				COPY_PHASE_STRIP = NO;
				DEBUG_INFORMATION_FORMAT = dwarf;
				ENABLE_STRICT_OBJC_MSGSEND = YES;
				ENABLE_TESTABILITY = YES;
				GCC_C_LANGUAGE_STANDARD = gnu11;
				GCC_DYNAMIC_NO_PIC = NO;
				GCC_NO_COMMON_BLOCKS = YES;
				GCC_OPTIMIZATION_LEVEL = 0;
				GCC_PREPROCESSOR_DEFINITIONS = (
					"DEBUG=1",
					"$(inherited)",
				);
				GCC_WARN_64_TO_32_BIT_CONVERSION = YES;
				GCC_WARN_ABOUT_RETURN_TYPE = YES_ERROR;
				GCC_WARN_UNDECLARED_SELECTOR = YES;
				GCC_WARN_UNINITIALIZED_AUTOS = YES_AGGRESSIVE;
				GCC_WARN_UNUSED_FUNCTION = YES;
				GCC_WARN_UNUSED_VARIABLE = YES;
				IPHONEOS_DEPLOYMENT_TARGET = 15.5;
				MTL_ENABLE_DEBUG_INFO = INCLUDE_SOURCE;
				MTL_FAST_MATH = YES;
				ONLY_ACTIVE_ARCH = YES;
				SDKROOT = iphoneos;
				SWIFT_ACTIVE_COMPILATION_CONDITIONS = DEBUG;
				SWIFT_OPTIMIZATION_LEVEL = "-Onone";
			};
			name = Debug;
		};
		FEC75EFB2880BB450074BFEE /* Release */ = {
			isa = XCBuildConfiguration;
			buildSettings = {
				ALWAYS_SEARCH_USER_PATHS = NO;
				CLANG_ANALYZER_NONNULL = YES;
				CLANG_ANALYZER_NUMBER_OBJECT_CONVERSION = YES_AGGRESSIVE;
				CLANG_CXX_LANGUAGE_STANDARD = "gnu++17";
				CLANG_ENABLE_MODULES = YES;
				CLANG_ENABLE_OBJC_ARC = YES;
				CLANG_ENABLE_OBJC_WEAK = YES;
				CLANG_WARN_BLOCK_CAPTURE_AUTORELEASING = YES;
				CLANG_WARN_BOOL_CONVERSION = YES;
				CLANG_WARN_COMMA = YES;
				CLANG_WARN_CONSTANT_CONVERSION = YES;
				CLANG_WARN_DEPRECATED_OBJC_IMPLEMENTATIONS = YES;
				CLANG_WARN_DIRECT_OBJC_ISA_USAGE = YES_ERROR;
				CLANG_WARN_DOCUMENTATION_COMMENTS = YES;
				CLANG_WARN_EMPTY_BODY = YES;
				CLANG_WARN_ENUM_CONVERSION = YES;
				CLANG_WARN_INFINITE_RECURSION = YES;
				CLANG_WARN_INT_CONVERSION = YES;
				CLANG_WARN_NON_LITERAL_NULL_CONVERSION = YES;
				CLANG_WARN_OBJC_IMPLICIT_RETAIN_SELF = YES;
				CLANG_WARN_OBJC_LITERAL_CONVERSION = YES;
				CLANG_WARN_OBJC_ROOT_CLASS = YES_ERROR;
				CLANG_WARN_QUOTED_INCLUDE_IN_FRAMEWORK_HEADER = YES;
				CLANG_WARN_RANGE_LOOP_ANALYSIS = YES;
				CLANG_WARN_STRICT_PROTOTYPES = YES;
				CLANG_WARN_SUSPICIOUS_MOVE = YES;
				CLANG_WARN_UNGUARDED_AVAILABILITY = YES_AGGRESSIVE;
				CLANG_WARN_UNREACHABLE_CODE = YES;
				CLANG_WARN__DUPLICATE_METHOD_MATCH = YES;
				COPY_PHASE_STRIP = NO;
				DEBUG_INFORMATION_FORMAT = "dwarf-with-dsym";
				ENABLE_NS_ASSERTIONS = NO;
				ENABLE_STRICT_OBJC_MSGSEND = YES;
				GCC_C_LANGUAGE_STANDARD = gnu11;
				GCC_NO_COMMON_BLOCKS = YES;
				GCC_WARN_64_TO_32_BIT_CONVERSION = YES;
				GCC_WARN_ABOUT_RETURN_TYPE = YES_ERROR;
				GCC_WARN_UNDECLARED_SELECTOR = YES;
				GCC_WARN_UNINITIALIZED_AUTOS = YES_AGGRESSIVE;
				GCC_WARN_UNUSED_FUNCTION = YES;
				GCC_WARN_UNUSED_VARIABLE = YES;
				IPHONEOS_DEPLOYMENT_TARGET = 15.5;
				MTL_ENABLE_DEBUG_INFO = NO;
				MTL_FAST_MATH = YES;
				SDKROOT = iphoneos;
				SWIFT_COMPILATION_MODE = wholemodule;
				SWIFT_OPTIMIZATION_LEVEL = "-O";
				VALIDATE_PRODUCT = YES;
			};
			name = Release;
		};
		FEC75EFD2880BB460074BFEE /* Debug */ = {
			isa = XCBuildConfiguration;
			buildSettings = {
				ASSETCATALOG_COMPILER_APPICON_NAME = AppIcon;
				ASSETCATALOG_COMPILER_GLOBAL_ACCENT_COLOR_NAME = AccentColor;
				CODE_SIGN_STYLE = Automatic;
				CURRENT_PROJECT_VERSION = 1;
				DEVELOPMENT_ASSET_PATHS = "\"Water Reminder/Preview Content\"";
				DEVELOPMENT_TEAM = 82H8CL56FF;
				ENABLE_PREVIEWS = YES;
				GENERATE_INFOPLIST_FILE = YES;
				INFOPLIST_KEY_UIApplicationSceneManifest_Generation = YES;
				INFOPLIST_KEY_UIApplicationSupportsIndirectInputEvents = YES;
				INFOPLIST_KEY_UILaunchScreen_Generation = YES;
				INFOPLIST_KEY_UISupportedInterfaceOrientations_iPad = "UIInterfaceOrientationPortrait UIInterfaceOrientationPortraitUpsideDown UIInterfaceOrientationLandscapeLeft UIInterfaceOrientationLandscapeRight";
				INFOPLIST_KEY_UISupportedInterfaceOrientations_iPhone = "UIInterfaceOrientationPortrait UIInterfaceOrientationLandscapeLeft UIInterfaceOrientationLandscapeRight";
				LD_RUNPATH_SEARCH_PATHS = (
					"$(inherited)",
					"@executable_path/Frameworks",
				);
				MARKETING_VERSION = 1.0;
				PRODUCT_BUNDLE_IDENTIFIER = "com.perseguini.Water-Reminder";
				PRODUCT_NAME = "$(TARGET_NAME)";
				SWIFT_EMIT_LOC_STRINGS = YES;
				SWIFT_VERSION = 5.0;
				TARGETED_DEVICE_FAMILY = "1,2";
			};
			name = Debug;
		};
		FEC75EFE2880BB460074BFEE /* Release */ = {
			isa = XCBuildConfiguration;
			buildSettings = {
				ASSETCATALOG_COMPILER_APPICON_NAME = AppIcon;
				ASSETCATALOG_COMPILER_GLOBAL_ACCENT_COLOR_NAME = AccentColor;
				CODE_SIGN_STYLE = Automatic;
				CURRENT_PROJECT_VERSION = 1;
				DEVELOPMENT_ASSET_PATHS = "\"Water Reminder/Preview Content\"";
				DEVELOPMENT_TEAM = 82H8CL56FF;
				ENABLE_PREVIEWS = YES;
				GENERATE_INFOPLIST_FILE = YES;
				INFOPLIST_KEY_UIApplicationSceneManifest_Generation = YES;
				INFOPLIST_KEY_UIApplicationSupportsIndirectInputEvents = YES;
				INFOPLIST_KEY_UILaunchScreen_Generation = YES;
				INFOPLIST_KEY_UISupportedInterfaceOrientations_iPad = "UIInterfaceOrientationPortrait UIInterfaceOrientationPortraitUpsideDown UIInterfaceOrientationLandscapeLeft UIInterfaceOrientationLandscapeRight";
				INFOPLIST_KEY_UISupportedInterfaceOrientations_iPhone = "UIInterfaceOrientationPortrait UIInterfaceOrientationLandscapeLeft UIInterfaceOrientationLandscapeRight";
				LD_RUNPATH_SEARCH_PATHS = (
					"$(inherited)",
					"@executable_path/Frameworks",
				);
				MARKETING_VERSION = 1.0;
				PRODUCT_BUNDLE_IDENTIFIER = "com.perseguini.Water-Reminder";
				PRODUCT_NAME = "$(TARGET_NAME)";
				SWIFT_EMIT_LOC_STRINGS = YES;
				SWIFT_VERSION = 5.0;
				TARGETED_DEVICE_FAMILY = "1,2";
			};
			name = Release;
		};
/* End XCBuildConfiguration section */

/* Begin XCConfigurationList section */
		FEC75EE42880BB3E0074BFEE /* Build configuration list for PBXProject "Water Reminder" */ = {
			isa = XCConfigurationList;
			buildConfigurations = (
				FEC75EFA2880BB450074BFEE /* Debug */,
				FEC75EFB2880BB450074BFEE /* Release */,
			);
			defaultConfigurationIsVisible = 0;
			defaultConfigurationName = Release;
		};
		FEC75EFC2880BB460074BFEE /* Build configuration list for PBXNativeTarget "Water Reminder" */ = {
			isa = XCConfigurationList;
			buildConfigurations = (
				FEC75EFD2880BB460074BFEE /* Debug */,
				FEC75EFE2880BB460074BFEE /* Release */,
			);
			defaultConfigurationIsVisible = 0;
			defaultConfigurationName = Release;
		};
/* End XCConfigurationList section */

/* Begin XCVersionGroup section */
		FEC75EF72880BB450074BFEE /* Water_Reminder.xcdatamodeld */ = {
			isa = XCVersionGroup;
			children = (
				FEC75EF82880BB450074BFEE /* Water_Reminder.xcdatamodel */,
			);
			currentVersion = FEC75EF82880BB450074BFEE /* Water_Reminder.xcdatamodel */;
			path = Water_Reminder.xcdatamodeld;
			sourceTree = "<group>";
			versionGroupType = wrapper.xcdatamodel;
		};
/* End XCVersionGroup section */
	};
	rootObject = FEC75EE12880BB3E0074BFEE /* Project object */;
}
